// !$*UTF8*$!
{
	archiveVersion = 1;
	classes = {
	};
	objectVersion = 56;
	objects = {

/* Begin PBXBuildFile section */
		82DCBCA729DA6F27004A70D3 /* AppDelegate.swift in Sources */ = {isa = PBXBuildFile; fileRef = 82DCBCA629DA6F27004A70D3 /* AppDelegate.swift */; };
		82DCBCA929DA6F27004A70D3 /* SceneDelegate.swift in Sources */ = {isa = PBXBuildFile; fileRef = 82DCBCA829DA6F27004A70D3 /* SceneDelegate.swift */; };
		82DCBCAB29DA6F27004A70D3 /* ViewController.swift in Sources */ = {isa = PBXBuildFile; fileRef = 82DCBCAA29DA6F27004A70D3 /* ViewController.swift */; };
		82DCBCAE29DA6F27004A70D3 /* Main.storyboard in Resources */ = {isa = PBXBuildFile; fileRef = 82DCBCAC29DA6F27004A70D3 /* Main.storyboard */; };
		82DCBCB029DA6F28004A70D3 /* Assets.xcassets in Resources */ = {isa = PBXBuildFile; fileRef = 82DCBCAF29DA6F28004A70D3 /* Assets.xcassets */; };
		82DCBCB329DA6F28004A70D3 /* LaunchScreen.storyboard in Resources */ = {isa = PBXBuildFile; fileRef = 82DCBCB129DA6F28004A70D3 /* LaunchScreen.storyboard */; };
		82DCBCBE29DA6F28004A70D3 /* AnimateLoopTests.swift in Sources */ = {isa = PBXBuildFile; fileRef = 82DCBCBD29DA6F28004A70D3 /* AnimateLoopTests.swift */; };
		82DCBCC829DA6F28004A70D3 /* AnimateLoopUITests.swift in Sources */ = {isa = PBXBuildFile; fileRef = 82DCBCC729DA6F28004A70D3 /* AnimateLoopUITests.swift */; };
		82DCBCCA29DA6F28004A70D3 /* AnimateLoopUITestsLaunchTests.swift in Sources */ = {isa = PBXBuildFile; fileRef = 82DCBCC929DA6F28004A70D3 /* AnimateLoopUITestsLaunchTests.swift */; };
/* End PBXBuildFile section */

/* Begin PBXContainerItemProxy section */
		82DCBCBA29DA6F28004A70D3 /* PBXContainerItemProxy */ = {
			isa = PBXContainerItemProxy;
			containerPortal = 82DCBC9B29DA6F27004A70D3 /* Project object */;
			proxyType = 1;
			remoteGlobalIDString = 82DCBCA229DA6F27004A70D3;
			remoteInfo = AnimateLoop;
		};
		82DCBCC429DA6F28004A70D3 /* PBXContainerItemProxy */ = {
			isa = PBXContainerItemProxy;
			containerPortal = 82DCBC9B29DA6F27004A70D3 /* Project object */;
			proxyType = 1;
			remoteGlobalIDString = 82DCBCA229DA6F27004A70D3;
			remoteInfo = AnimateLoop;
		};
/* End PBXContainerItemProxy section */

/* Begin PBXFileReference section */
		82DCBCA329DA6F27004A70D3 /* AnimateLoop.app */ = {isa = PBXFileReference; explicitFileType = wrapper.application; includeInIndex = 0; path = AnimateLoop.app; sourceTree = BUILT_PRODUCTS_DIR; };
		82DCBCA629DA6F27004A70D3 /* AppDelegate.swift */ = {isa = PBXFileReference; lastKnownFileType = sourcecode.swift; path = AppDelegate.swift; sourceTree = "<group>"; };
		82DCBCA829DA6F27004A70D3 /* SceneDelegate.swift */ = {isa = PBXFileReference; lastKnownFileType = sourcecode.swift; path = SceneDelegate.swift; sourceTree = "<group>"; };
		82DCBCAA29DA6F27004A70D3 /* ViewController.swift */ = {isa = PBXFileReference; lastKnownFileType = sourcecode.swift; path = ViewController.swift; sourceTree = "<group>"; };
		82DCBCAD29DA6F27004A70D3 /* Base */ = {isa = PBXFileReference; lastKnownFileType = file.storyboard; name = Base; path = Base.lproj/Main.storyboard; sourceTree = "<group>"; };
		82DCBCAF29DA6F28004A70D3 /* Assets.xcassets */ = {isa = PBXFileReference; lastKnownFileType = folder.assetcatalog; path = Assets.xcassets; sourceTree = "<group>"; };
		82DCBCB229DA6F28004A70D3 /* Base */ = {isa = PBXFileReference; lastKnownFileType = file.storyboard; name = Base; path = Base.lproj/LaunchScreen.storyboard; sourceTree = "<group>"; };
		82DCBCB429DA6F28004A70D3 /* Info.plist */ = {isa = PBXFileReference; lastKnownFileType = text.plist.xml; path = Info.plist; sourceTree = "<group>"; };
		82DCBCB929DA6F28004A70D3 /* AnimateLoopTests.xctest */ = {isa = PBXFileReference; explicitFileType = wrapper.cfbundle; includeInIndex = 0; path = AnimateLoopTests.xctest; sourceTree = BUILT_PRODUCTS_DIR; };
		82DCBCBD29DA6F28004A70D3 /* AnimateLoopTests.swift */ = {isa = PBXFileReference; lastKnownFileType = sourcecode.swift; path = AnimateLoopTests.swift; sourceTree = "<group>"; };
		82DCBCC329DA6F28004A70D3 /* AnimateLoopUITests.xctest */ = {isa = PBXFileReference; explicitFileType = wrapper.cfbundle; includeInIndex = 0; path = AnimateLoopUITests.xctest; sourceTree = BUILT_PRODUCTS_DIR; };
		82DCBCC729DA6F28004A70D3 /* AnimateLoopUITests.swift */ = {isa = PBXFileReference; lastKnownFileType = sourcecode.swift; path = AnimateLoopUITests.swift; sourceTree = "<group>"; };
		82DCBCC929DA6F28004A70D3 /* AnimateLoopUITestsLaunchTests.swift */ = {isa = PBXFileReference; lastKnownFileType = sourcecode.swift; path = AnimateLoopUITestsLaunchTests.swift; sourceTree = "<group>"; };
/* End PBXFileReference section */

/* Begin PBXFrameworksBuildPhase section */
		82DCBCA029DA6F27004A70D3 /* Frameworks */ = {
			isa = PBXFrameworksBuildPhase;
			buildActionMask = 2147483647;
			files = (
			);
			runOnlyForDeploymentPostprocessing = 0;
		};
		82DCBCB629DA6F28004A70D3 /* Frameworks */ = {
			isa = PBXFrameworksBuildPhase;
			buildActionMask = 2147483647;
			files = (
			);
			runOnlyForDeploymentPostprocessing = 0;
		};
		82DCBCC029DA6F28004A70D3 /* Frameworks */ = {
			isa = PBXFrameworksBuildPhase;
			buildActionMask = 2147483647;
			files = (
			);
			runOnlyForDeploymentPostprocessing = 0;
		};
/* End PBXFrameworksBuildPhase section */

/* Begin PBXGroup section */
		82DCBC9A29DA6F27004A70D3 = {
			isa = PBXGroup;
			children = (
				82DCBCA529DA6F27004A70D3 /* AnimateLoop */,
				82DCBCBC29DA6F28004A70D3 /* AnimateLoopTests */,
				82DCBCC629DA6F28004A70D3 /* AnimateLoopUITests */,
				82DCBCA429DA6F27004A70D3 /* Products */,
			);
			sourceTree = "<group>";
		};
		82DCBCA429DA6F27004A70D3 /* Products */ = {
			isa = PBXGroup;
			children = (
				82DCBCA329DA6F27004A70D3 /* AnimateLoop.app */,
				82DCBCB929DA6F28004A70D3 /* AnimateLoopTests.xctest */,
				82DCBCC329DA6F28004A70D3 /* AnimateLoopUITests.xctest */,
			);
			name = Products;
			sourceTree = "<group>";
		};
		82DCBCA529DA6F27004A70D3 /* AnimateLoop */ = {
			isa = PBXGroup;
			children = (
				82DCBCA629DA6F27004A70D3 /* AppDelegate.swift */,
				82DCBCA829DA6F27004A70D3 /* SceneDelegate.swift */,
				82DCBCAA29DA6F27004A70D3 /* ViewController.swift */,
				82DCBCAC29DA6F27004A70D3 /* Main.storyboard */,
				82DCBCAF29DA6F28004A70D3 /* Assets.xcassets */,
				82DCBCB129DA6F28004A70D3 /* LaunchScreen.storyboard */,
				82DCBCB429DA6F28004A70D3 /* Info.plist */,
			);
			path = AnimateLoop;
			sourceTree = "<group>";
		};
		82DCBCBC29DA6F28004A70D3 /* AnimateLoopTests */ = {
			isa = PBXGroup;
			children = (
				82DCBCBD29DA6F28004A70D3 /* AnimateLoopTests.swift */,
			);
			path = AnimateLoopTests;
			sourceTree = "<group>";
		};
		82DCBCC629DA6F28004A70D3 /* AnimateLoopUITests */ = {
			isa = PBXGroup;
			children = (
				82DCBCC729DA6F28004A70D3 /* AnimateLoopUITests.swift */,
				82DCBCC929DA6F28004A70D3 /* AnimateLoopUITestsLaunchTests.swift */,
			);
			path = AnimateLoopUITests;
			sourceTree = "<group>";
		};
/* End PBXGroup section */

/* Begin PBXNativeTarget section */
		82DCBCA229DA6F27004A70D3 /* AnimateLoop */ = {
			isa = PBXNativeTarget;
			buildConfigurationList = 82DCBCCD29DA6F28004A70D3 /* Build configuration list for PBXNativeTarget "AnimateLoop" */;
			buildPhases = (
				82DCBC9F29DA6F27004A70D3 /* Sources */,
				82DCBCA029DA6F27004A70D3 /* Frameworks */,
				82DCBCA129DA6F27004A70D3 /* Resources */,
			);
			buildRules = (
			);
			dependencies = (
			);
			name = AnimateLoop;
			productName = AnimateLoop;
			productReference = 82DCBCA329DA6F27004A70D3 /* AnimateLoop.app */;
			productType = "com.apple.product-type.application";
		};
		82DCBCB829DA6F28004A70D3 /* AnimateLoopTests */ = {
			isa = PBXNativeTarget;
			buildConfigurationList = 82DCBCD029DA6F28004A70D3 /* Build configuration list for PBXNativeTarget "AnimateLoopTests" */;
			buildPhases = (
				82DCBCB529DA6F28004A70D3 /* Sources */,
				82DCBCB629DA6F28004A70D3 /* Frameworks */,
				82DCBCB729DA6F28004A70D3 /* Resources */,
			);
			buildRules = (
			);
			dependencies = (
				82DCBCBB29DA6F28004A70D3 /* PBXTargetDependency */,
			);
			name = AnimateLoopTests;
			productName = AnimateLoopTests;
			productReference = 82DCBCB929DA6F28004A70D3 /* AnimateLoopTests.xctest */;
			productType = "com.apple.product-type.bundle.unit-test";
		};
		82DCBCC229DA6F28004A70D3 /* AnimateLoopUITests */ = {
			isa = PBXNativeTarget;
			buildConfigurationList = 82DCBCD329DA6F28004A70D3 /* Build configuration list for PBXNativeTarget "AnimateLoopUITests" */;
			buildPhases = (
				82DCBCBF29DA6F28004A70D3 /* Sources */,
				82DCBCC029DA6F28004A70D3 /* Frameworks */,
				82DCBCC129DA6F28004A70D3 /* Resources */,
			);
			buildRules = (
			);
			dependencies = (
				82DCBCC529DA6F28004A70D3 /* PBXTargetDependency */,
			);
			name = AnimateLoopUITests;
			productName = AnimateLoopUITests;
			productReference = 82DCBCC329DA6F28004A70D3 /* AnimateLoopUITests.xctest */;
			productType = "com.apple.product-type.bundle.ui-testing";
		};
/* End PBXNativeTarget section */

/* Begin PBXProject section */
		82DCBC9B29DA6F27004A70D3 /* Project object */ = {
			isa = PBXProject;
			attributes = {
				BuildIndependentTargetsInParallel = 1;
				LastSwiftUpdateCheck = 1430;
				LastUpgradeCheck = 1430;
				TargetAttributes = {
					82DCBCA229DA6F27004A70D3 = {
						CreatedOnToolsVersion = 14.3;
					};
					82DCBCB829DA6F28004A70D3 = {
						CreatedOnToolsVersion = 14.3;
						TestTargetID = 82DCBCA229DA6F27004A70D3;
					};
					82DCBCC229DA6F28004A70D3 = {
						CreatedOnToolsVersion = 14.3;
						TestTargetID = 82DCBCA229DA6F27004A70D3;
					};
				};
			};
			buildConfigurationList = 82DCBC9E29DA6F27004A70D3 /* Build configuration list for PBXProject "AnimateLoop" */;
			compatibilityVersion = "Xcode 14.0";
			developmentRegion = en;
			hasScannedForEncodings = 0;
			knownRegions = (
				en,
				Base,
			);
			mainGroup = 82DCBC9A29DA6F27004A70D3;
			productRefGroup = 82DCBCA429DA6F27004A70D3 /* Products */;
			projectDirPath = "";
			projectRoot = "";
			targets = (
				82DCBCA229DA6F27004A70D3 /* AnimateLoop */,
				82DCBCB829DA6F28004A70D3 /* AnimateLoopTests */,
				82DCBCC229DA6F28004A70D3 /* AnimateLoopUITests */,
			);
		};
/* End PBXProject section */

/* Begin PBXResourcesBuildPhase section */
		82DCBCA129DA6F27004A70D3 /* Resources */ = {
			isa = PBXResourcesBuildPhase;
			buildActionMask = 2147483647;
			files = (
				82DCBCB329DA6F28004A70D3 /* LaunchScreen.storyboard in Resources */,
				82DCBCB029DA6F28004A70D3 /* Assets.xcassets in Resources */,
				82DCBCAE29DA6F27004A70D3 /* Main.storyboard in Resources */,
			);
			runOnlyForDeploymentPostprocessing = 0;
		};
		82DCBCB729DA6F28004A70D3 /* Resources */ = {
			isa = PBXResourcesBuildPhase;
			buildActionMask = 2147483647;
			files = (
			);
			runOnlyForDeploymentPostprocessing = 0;
		};
		82DCBCC129DA6F28004A70D3 /* Resources */ = {
			isa = PBXResourcesBuildPhase;
			buildActionMask = 2147483647;
			files = (
			);
			runOnlyForDeploymentPostprocessing = 0;
		};
/* End PBXResourcesBuildPhase section */

/* Begin PBXSourcesBuildPhase section */
		82DCBC9F29DA6F27004A70D3 /* Sources */ = {
			isa = PBXSourcesBuildPhase;
			buildActionMask = 2147483647;
			files = (
				82DCBCAB29DA6F27004A70D3 /* ViewController.swift in Sources */,
				82DCBCA729DA6F27004A70D3 /* AppDelegate.swift in Sources */,
				82DCBCA929DA6F27004A70D3 /* SceneDelegate.swift in Sources */,
			);
			runOnlyForDeploymentPostprocessing = 0;
		};
		82DCBCB529DA6F28004A70D3 /* Sources */ = {
			isa = PBXSourcesBuildPhase;
			buildActionMask = 2147483647;
			files = (
				82DCBCBE29DA6F28004A70D3 /* AnimateLoopTests.swift in Sources */,
			);
			runOnlyForDeploymentPostprocessing = 0;
		};
		82DCBCBF29DA6F28004A70D3 /* Sources */ = {
			isa = PBXSourcesBuildPhase;
			buildActionMask = 2147483647;
			files = (
				82DCBCCA29DA6F28004A70D3 /* AnimateLoopUITestsLaunchTests.swift in Sources */,
				82DCBCC829DA6F28004A70D3 /* AnimateLoopUITests.swift in Sources */,
			);
			runOnlyForDeploymentPostprocessing = 0;
		};
/* End PBXSourcesBuildPhase section */

/* Begin PBXTargetDependency section */
		82DCBCBB29DA6F28004A70D3 /* PBXTargetDependency */ = {
			isa = PBXTargetDependency;
			target = 82DCBCA229DA6F27004A70D3 /* AnimateLoop */;
			targetProxy = 82DCBCBA29DA6F28004A70D3 /* PBXContainerItemProxy */;
		};
		82DCBCC529DA6F28004A70D3 /* PBXTargetDependency */ = {
			isa = PBXTargetDependency;
			target = 82DCBCA229DA6F27004A70D3 /* AnimateLoop */;
			targetProxy = 82DCBCC429DA6F28004A70D3 /* PBXContainerItemProxy */;
		};
/* End PBXTargetDependency section */

/* Begin PBXVariantGroup section */
		82DCBCAC29DA6F27004A70D3 /* Main.storyboard */ = {
			isa = PBXVariantGroup;
			children = (
				82DCBCAD29DA6F27004A70D3 /* Base */,
			);
			name = Main.storyboard;
			sourceTree = "<group>";
		};
		82DCBCB129DA6F28004A70D3 /* LaunchScreen.storyboard */ = {
			isa = PBXVariantGroup;
			children = (
				82DCBCB229DA6F28004A70D3 /* Base */,
			);
			name = LaunchScreen.storyboard;
			sourceTree = "<group>";
		};
/* End PBXVariantGroup section */

/* Begin XCBuildConfiguration section */
		82DCBCCB29DA6F28004A70D3 /* Debug */ = {
			isa = XCBuildConfiguration;
			buildSettings = {
				ALWAYS_SEARCH_USER_PATHS = NO;
				CLANG_ANALYZER_NONNULL = YES;
				CLANG_ANALYZER_NUMBER_OBJECT_CONVERSION = YES_AGGRESSIVE;
				CLANG_CXX_LANGUAGE_STANDARD = "gnu++20";
				CLANG_ENABLE_MODULES = YES;
				CLANG_ENABLE_OBJC_ARC = YES;
				CLANG_ENABLE_OBJC_WEAK = YES;
				CLANG_WARN_BLOCK_CAPTURE_AUTORELEASING = YES;
				CLANG_WARN_BOOL_CONVERSION = YES;
				CLANG_WARN_COMMA = YES;
				CLANG_WARN_CONSTANT_CONVERSION = YES;
				CLANG_WARN_DEPRECATED_OBJC_IMPLEMENTATIONS = YES;
				CLANG_WARN_DIRECT_OBJC_ISA_USAGE = YES_ERROR;
				CLANG_WARN_DOCUMENTATION_COMMENTS = YES;
				CLANG_WARN_EMPTY_BODY = YES;
				CLANG_WARN_ENUM_CONVERSION = YES;
				CLANG_WARN_INFINITE_RECURSION = YES;
				CLANG_WARN_INT_CONVERSION = YES;
				CLANG_WARN_NON_LITERAL_NULL_CONVERSION = YES;
				CLANG_WARN_OBJC_IMPLICIT_RETAIN_SELF = YES;
				CLANG_WARN_OBJC_LITERAL_CONVERSION = YES;
				CLANG_WARN_OBJC_ROOT_CLASS = YES_ERROR;
				CLANG_WARN_QUOTED_INCLUDE_IN_FRAMEWORK_HEADER = YES;
				CLANG_WARN_RANGE_LOOP_ANALYSIS = YES;
				CLANG_WARN_STRICT_PROTOTYPES = YES;
				CLANG_WARN_SUSPICIOUS_MOVE = YES;
				CLANG_WARN_UNGUARDED_AVAILABILITY = YES_AGGRESSIVE;
				CLANG_WARN_UNREACHABLE_CODE = YES;
				CLANG_WARN__DUPLICATE_METHOD_MATCH = YES;
				COPY_PHASE_STRIP = NO;
				DEBUG_INFORMATION_FORMAT = dwarf;
				ENABLE_STRICT_OBJC_MSGSEND = YES;
				ENABLE_TESTABILITY = YES;
				GCC_C_LANGUAGE_STANDARD = gnu11;
				GCC_DYNAMIC_NO_PIC = NO;
				GCC_NO_COMMON_BLOCKS = YES;
				GCC_OPTIMIZATION_LEVEL = 0;
				GCC_PREPROCESSOR_DEFINITIONS = (
					"DEBUG=1",
					"$(inherited)",
				);
				GCC_WARN_64_TO_32_BIT_CONVERSION = YES;
				GCC_WARN_ABOUT_RETURN_TYPE = YES_ERROR;
				GCC_WARN_UNDECLARED_SELECTOR = YES;
				GCC_WARN_UNINITIALIZED_AUTOS = YES_AGGRESSIVE;
				GCC_WARN_UNUSED_FUNCTION = YES;
				GCC_WARN_UNUSED_VARIABLE = YES;
				IPHONEOS_DEPLOYMENT_TARGET = 16.4;
				MTL_ENABLE_DEBUG_INFO = INCLUDE_SOURCE;
				MTL_FAST_MATH = YES;
				ONLY_ACTIVE_ARCH = YES;
				SDKROOT = iphoneos;
				SWIFT_ACTIVE_COMPILATION_CONDITIONS = DEBUG;
				SWIFT_OPTIMIZATION_LEVEL = "-Onone";
			};
			name = Debug;
		};
		82DCBCCC29DA6F28004A70D3 /* Release */ = {
			isa = XCBuildConfiguration;
			buildSettings = {
				ALWAYS_SEARCH_USER_PATHS = NO;
				CLANG_ANALYZER_NONNULL = YES;
				CLANG_ANALYZER_NUMBER_OBJECT_CONVERSION = YES_AGGRESSIVE;
				CLANG_CXX_LANGUAGE_STANDARD = "gnu++20";
				CLANG_ENABLE_MODULES = YES;
				CLANG_ENABLE_OBJC_ARC = YES;
				CLANG_ENABLE_OBJC_WEAK = YES;
				CLANG_WARN_BLOCK_CAPTURE_AUTORELEASING = YES;
				CLANG_WARN_BOOL_CONVERSION = YES;
				CLANG_WARN_COMMA = YES;
				CLANG_WARN_CONSTANT_CONVERSION = YES;
				CLANG_WARN_DEPRECATED_OBJC_IMPLEMENTATIONS = YES;
				CLANG_WARN_DIRECT_OBJC_ISA_USAGE = YES_ERROR;
				CLANG_WARN_DOCUMENTATION_COMMENTS = YES;
				CLANG_WARN_EMPTY_BODY = YES;
				CLANG_WARN_ENUM_CONVERSION = YES;
				CLANG_WARN_INFINITE_RECURSION = YES;
				CLANG_WARN_INT_CONVERSION = YES;
				CLANG_WARN_NON_LITERAL_NULL_CONVERSION = YES;
				CLANG_WARN_OBJC_IMPLICIT_RETAIN_SELF = YES;
				CLANG_WARN_OBJC_LITERAL_CONVERSION = YES;
				CLANG_WARN_OBJC_ROOT_CLASS = YES_ERROR;
				CLANG_WARN_QUOTED_INCLUDE_IN_FRAMEWORK_HEADER = YES;
				CLANG_WARN_RANGE_LOOP_ANALYSIS = YES;
				CLANG_WARN_STRICT_PROTOTYPES = YES;
				CLANG_WARN_SUSPICIOUS_MOVE = YES;
				CLANG_WARN_UNGUARDED_AVAILABILITY = YES_AGGRESSIVE;
				CLANG_WARN_UNREACHABLE_CODE = YES;
				CLANG_WARN__DUPLICATE_METHOD_MATCH = YES;
				COPY_PHASE_STRIP = NO;
				DEBUG_INFORMATION_FORMAT = "dwarf-with-dsym";
				ENABLE_NS_ASSERTIONS = NO;
				ENABLE_STRICT_OBJC_MSGSEND = YES;
				GCC_C_LANGUAGE_STANDARD = gnu11;
				GCC_NO_COMMON_BLOCKS = YES;
				GCC_WARN_64_TO_32_BIT_CONVERSION = YES;
				GCC_WARN_ABOUT_RETURN_TYPE = YES_ERROR;
				GCC_WARN_UNDECLARED_SELECTOR = YES;
				GCC_WARN_UNINITIALIZED_AUTOS = YES_AGGRESSIVE;
				GCC_WARN_UNUSED_FUNCTION = YES;
				GCC_WARN_UNUSED_VARIABLE = YES;
				IPHONEOS_DEPLOYMENT_TARGET = 16.4;
				MTL_ENABLE_DEBUG_INFO = NO;
				MTL_FAST_MATH = YES;
				SDKROOT = iphoneos;
				SWIFT_COMPILATION_MODE = wholemodule;
				SWIFT_OPTIMIZATION_LEVEL = "-O";
				VALIDATE_PRODUCT = YES;
			};
			name = Release;
		};
		82DCBCCE29DA6F28004A70D3 /* Debug */ = {
			isa = XCBuildConfiguration;
			buildSettings = {
				ASSETCATALOG_COMPILER_APPICON_NAME = AppIcon;
				ASSETCATALOG_COMPILER_GLOBAL_ACCENT_COLOR_NAME = AccentColor;
				CODE_SIGN_STYLE = Automatic;
				CURRENT_PROJECT_VERSION = 1;
				GENERATE_INFOPLIST_FILE = YES;
				INFOPLIST_FILE = AnimateLoop/Info.plist;
				INFOPLIST_KEY_UIApplicationSupportsIndirectInputEvents = YES;
				INFOPLIST_KEY_UILaunchStoryboardName = LaunchScreen;
				INFOPLIST_KEY_UIMainStoryboardFile = Main;
				INFOPLIST_KEY_UISupportedInterfaceOrientations_iPad = "UIInterfaceOrientationPortrait UIInterfaceOrientationPortraitUpsideDown UIInterfaceOrientationLandscapeLeft UIInterfaceOrientationLandscapeRight";
				INFOPLIST_KEY_UISupportedInterfaceOrientations_iPhone = "UIInterfaceOrientationPortrait UIInterfaceOrientationLandscapeLeft UIInterfaceOrientationLandscapeRight";
				LD_RUNPATH_SEARCH_PATHS = (
					"$(inherited)",
					"@executable_path/Frameworks",
				);
				MARKETING_VERSION = 1.0;
				PRODUCT_BUNDLE_IDENTIFIER = Project.AnimateLoop;
				PRODUCT_NAME = "$(TARGET_NAME)";
				SWIFT_EMIT_LOC_STRINGS = YES;
				SWIFT_VERSION = 5.0;
				TARGETED_DEVICE_FAMILY = "1,2";
			};
			name = Debug;
		};
		82DCBCCF29DA6F28004A70D3 /* Release */ = {
			isa = XCBuildConfiguration;
			buildSettings = {
				ASSETCATALOG_COMPILER_APPICON_NAME = AppIcon;
				ASSETCATALOG_COMPILER_GLOBAL_ACCENT_COLOR_NAME = AccentColor;
				CODE_SIGN_STYLE = Automatic;
				CURRENT_PROJECT_VERSION = 1;
				GENERATE_INFOPLIST_FILE = YES;
				INFOPLIST_FILE = AnimateLoop/Info.plist;
				INFOPLIST_KEY_UIApplicationSupportsIndirectInputEvents = YES;
				INFOPLIST_KEY_UILaunchStoryboardName = LaunchScreen;
				INFOPLIST_KEY_UIMainStoryboardFile = Main;
				INFOPLIST_KEY_UISupportedInterfaceOrientations_iPad = "UIInterfaceOrientationPortrait UIInterfaceOrientationPortraitUpsideDown UIInterfaceOrientationLandscapeLeft UIInterfaceOrientationLandscapeRight";
				INFOPLIST_KEY_UISupportedInterfaceOrientations_iPhone = "UIInterfaceOrientationPortrait UIInterfaceOrientationLandscapeLeft UIInterfaceOrientationLandscapeRight";
				LD_RUNPATH_SEARCH_PATHS = (
					"$(inherited)",
					"@executable_path/Frameworks",
				);
				MARKETING_VERSION = 1.0;
				PRODUCT_BUNDLE_IDENTIFIER = Project.AnimateLoop;
				PRODUCT_NAME = "$(TARGET_NAME)";
				SWIFT_EMIT_LOC_STRINGS = YES;
				SWIFT_VERSION = 5.0;
				TARGETED_DEVICE_FAMILY = "1,2";
			};
			name = Release;
		};
		82DCBCD129DA6F28004A70D3 /* Debug */ = {
			isa = XCBuildConfiguration;
			buildSettings = {
				ALWAYS_EMBED_SWIFT_STANDARD_LIBRARIES = YES;
				BUNDLE_LOADER = "$(TEST_HOST)";
				CODE_SIGN_STYLE = Automatic;
				CURRENT_PROJECT_VERSION = 1;
				GENERATE_INFOPLIST_FILE = YES;
				IPHONEOS_DEPLOYMENT_TARGET = 16.4;
				MARKETING_VERSION = 1.0;
				PRODUCT_BUNDLE_IDENTIFIER = Project.AnimateLoopTests;
				PRODUCT_NAME = "$(TARGET_NAME)";
				SWIFT_EMIT_LOC_STRINGS = NO;
				SWIFT_VERSION = 5.0;
				TARGETED_DEVICE_FAMILY = "1,2";
				TEST_HOST = "$(BUILT_PRODUCTS_DIR)/AnimateLoop.app/$(BUNDLE_EXECUTABLE_FOLDER_PATH)/AnimateLoop";
			};
			name = Debug;
		};
		82DCBCD229DA6F28004A70D3 /* Release */ = {
			isa = XCBuildConfiguration;
			buildSettings = {
				ALWAYS_EMBED_SWIFT_STANDARD_LIBRARIES = YES;
				BUNDLE_LOADER = "$(TEST_HOST)";
				CODE_SIGN_STYLE = Automatic;
				CURRENT_PROJECT_VERSION = 1;
				GENERATE_INFOPLIST_FILE = YES;
				IPHONEOS_DEPLOYMENT_TARGET = 16.4;
				MARKETING_VERSION = 1.0;
				PRODUCT_BUNDLE_IDENTIFIER = Project.AnimateLoopTests;
				PRODUCT_NAME = "$(TARGET_NAME)";
				SWIFT_EMIT_LOC_STRINGS = NO;
				SWIFT_VERSION = 5.0;
				TARGETED_DEVICE_FAMILY = "1,2";
				TEST_HOST = "$(BUILT_PRODUCTS_DIR)/AnimateLoop.app/$(BUNDLE_EXECUTABLE_FOLDER_PATH)/AnimateLoop";
			};
			name = Release;
		};
		82DCBCD429DA6F28004A70D3 /* Debug */ = {
			isa = XCBuildConfiguration;
			buildSettings = {
				ALWAYS_EMBED_SWIFT_STANDARD_LIBRARIES = YES;
				CODE_SIGN_STYLE = Automatic;
				CURRENT_PROJECT_VERSION = 1;
				GENERATE_INFOPLIST_FILE = YES;
				MARKETING_VERSION = 1.0;
				PRODUCT_BUNDLE_IDENTIFIER = Project.AnimateLoopUITests;
				PRODUCT_NAME = "$(TARGET_NAME)";
				SWIFT_EMIT_LOC_STRINGS = NO;
				SWIFT_VERSION = 5.0;
				TARGETED_DEVICE_FAMILY = "1,2";
				TEST_TARGET_NAME = AnimateLoop;
			};
			name = Debug;
		};
		82DCBCD529DA6F28004A70D3 /* Release */ = {
			isa = XCBuildConfiguration;
			buildSettings = {
				ALWAYS_EMBED_SWIFT_STANDARD_LIBRARIES = YES;
				CODE_SIGN_STYLE = Automatic;
				CURRENT_PROJECT_VERSION = 1;
				GENERATE_INFOPLIST_FILE = YES;
				MARKETING_VERSION = 1.0;
				PRODUCT_BUNDLE_IDENTIFIER = Project.AnimateLoopUITests;
				PRODUCT_NAME = "$(TARGET_NAME)";
				SWIFT_EMIT_LOC_STRINGS = NO;
				SWIFT_VERSION = 5.0;
				TARGETED_DEVICE_FAMILY = "1,2";
				TEST_TARGET_NAME = AnimateLoop;
			};
			name = Release;
		};
/* End XCBuildConfiguration section */

/* Begin XCConfigurationList section */
		82DCBC9E29DA6F27004A70D3 /* Build configuration list for PBXProject "AnimateLoop" */ = {
			isa = XCConfigurationList;
			buildConfigurations = (
				82DCBCCB29DA6F28004A70D3 /* Debug */,
				82DCBCCC29DA6F28004A70D3 /* Release */,
			);
			defaultConfigurationIsVisible = 0;
			defaultConfigurationName = Release;
		};
		82DCBCCD29DA6F28004A70D3 /* Build configuration list for PBXNativeTarget "AnimateLoop" */ = {
			isa = XCConfigurationList;
			buildConfigurations = (
				82DCBCCE29DA6F28004A70D3 /* Debug */,
				82DCBCCF29DA6F28004A70D3 /* Release */,
			);
			defaultConfigurationIsVisible = 0;
			defaultConfigurationName = Release;
		};
		82DCBCD029DA6F28004A70D3 /* Build configuration list for PBXNativeTarget "AnimateLoopTests" */ = {
			isa = XCConfigurationList;
			buildConfigurations = (
				82DCBCD129DA6F28004A70D3 /* Debug */,
				82DCBCD229DA6F28004A70D3 /* Release */,
			);
			defaultConfigurationIsVisible = 0;
			defaultConfigurationName = Release;
		};
		82DCBCD329DA6F28004A70D3 /* Build configuration list for PBXNativeTarget "AnimateLoopUITests" */ = {
			isa = XCConfigurationList;
			buildConfigurations = (
				82DCBCD429DA6F28004A70D3 /* Debug */,
				82DCBCD529DA6F28004A70D3 /* Release */,
			);
			defaultConfigurationIsVisible = 0;
			defaultConfigurationName = Release;
		};
/* End XCConfigurationList section */
	};
	rootObject = 82DCBC9B29DA6F27004A70D3 /* Project object */;
}
